
Microsoft Visual Studio Solution File, Format Version 12.00
# Visual Studio 2012
Project("{FAE04EC0-301F-11D3-BF4B-00C04F79EFBC}") = "SpaceWar", "SpaceWar\Platforms\Windows\SpaceWar.csproj", "{3078F3FC-5D65-42CC-96AC-0C28FE1D2D8B}"
EndProject
Project("{FAE04EC0-301F-11D3-BF4B-00C04F79EFBC}") = "Lidgren.Network.Windows", "..\MonoGame\ThirdParty\Lidgren.Network\Lidgren.Network.Windows.csproj", "{AE483C29-042E-4226-BA52-D247CE7676DA}"
EndProject
Project("{FAE04EC0-301F-11D3-BF4B-00C04F79EFBC}") = "MonoGame.Framework.WindowsGL", "..\MonoGame\MonoGame.Framework\MonoGame.Framework.WindowsGL.csproj", "{77EBD3FC-0D63-4FAB-8DB9-29B3528184B3}"
EndProject
Global
	GlobalSection(SolutionConfigurationPlatforms) = preSolution
		Android|Any CPU = Android|Any CPU
		Android|ARM = Android|ARM
		Android|Mixed Platforms = Android|Mixed Platforms
		Android|x64 = Android|x64
		Android|x86 = Android|x86
		Debug|Any CPU = Debug|Any CPU
		Debug|ARM = Debug|ARM
		Debug|Mixed Platforms = Debug|Mixed Platforms
		Debug|x64 = Debug|x64
		Debug|x86 = Debug|x86
		iOS|Any CPU = iOS|Any CPU
		iOS|ARM = iOS|ARM
		iOS|Mixed Platforms = iOS|Mixed Platforms
		iOS|x64 = iOS|x64
		iOS|x86 = iOS|x86
		Linux|Any CPU = Linux|Any CPU
		Linux|ARM = Linux|ARM
		Linux|Mixed Platforms = Linux|Mixed Platforms
		Linux|x64 = Linux|x64
		Linux|x86 = Linux|x86
		OSX|Any CPU = OSX|Any CPU
		OSX|ARM = OSX|ARM
		OSX|Mixed Platforms = OSX|Mixed Platforms
		OSX|x64 = OSX|x64
		OSX|x86 = OSX|x86
		PSM|Any CPU = PSM|Any CPU
		PSM|ARM = PSM|ARM
		PSM|Mixed Platforms = PSM|Mixed Platforms
		PSM|x64 = PSM|x64
		PSM|x86 = PSM|x86
		Release|Any CPU = Release|Any CPU
		Release|ARM = Release|ARM
		Release|Mixed Platforms = Release|Mixed Platforms
		Release|x64 = Release|x64
		Release|x86 = Release|x86
		Windows|Any CPU = Windows|Any CPU
		Windows|ARM = Windows|ARM
		Windows|Mixed Platforms = Windows|Mixed Platforms
		Windows|x64 = Windows|x64
		Windows|x86 = Windows|x86
		Windows8|Any CPU = Windows8|Any CPU
		Windows8|ARM = Windows8|ARM
		Windows8|Mixed Platforms = Windows8|Mixed Platforms
		Windows8|x64 = Windows8|x64
		Windows8|x86 = Windows8|x86
	EndGlobalSection
	GlobalSection(ProjectConfigurationPlatforms) = postSolution
		{3078F3FC-5D65-42CC-96AC-0C28FE1D2D8B}.Android|Any CPU.ActiveCfg = Release|x86
		{3078F3FC-5D65-42CC-96AC-0C28FE1D2D8B}.Android|ARM.ActiveCfg = Release|x86
		{3078F3FC-5D65-42CC-96AC-0C28FE1D2D8B}.Android|Mixed Platforms.ActiveCfg = Release|x86
		{3078F3FC-5D65-42CC-96AC-0C28FE1D2D8B}.Android|Mixed Platforms.Build.0 = Release|x86
		{3078F3FC-5D65-42CC-96AC-0C28FE1D2D8B}.Android|x64.ActiveCfg = Release|x86
		{3078F3FC-5D65-42CC-96AC-0C28FE1D2D8B}.Android|x86.ActiveCfg = Release|x86
		{3078F3FC-5D65-42CC-96AC-0C28FE1D2D8B}.Android|x86.Build.0 = Release|x86
		{3078F3FC-5D65-42CC-96AC-0C28FE1D2D8B}.Debug|Any CPU.ActiveCfg = Debug|x86
		{3078F3FC-5D65-42CC-96AC-0C28FE1D2D8B}.Debug|ARM.ActiveCfg = Debug|x86
		{3078F3FC-5D65-42CC-96AC-0C28FE1D2D8B}.Debug|Mixed Platforms.ActiveCfg = Debug|x86
		{3078F3FC-5D65-42CC-96AC-0C28FE1D2D8B}.Debug|Mixed Platforms.Build.0 = Debug|x86
		{3078F3FC-5D65-42CC-96AC-0C28FE1D2D8B}.Debug|x64.ActiveCfg = Debug|x86
		{3078F3FC-5D65-42CC-96AC-0C28FE1D2D8B}.Debug|x86.ActiveCfg = Debug|x86
		{3078F3FC-5D65-42CC-96AC-0C28FE1D2D8B}.Debug|x86.Build.0 = Debug|x86
		{3078F3FC-5D65-42CC-96AC-0C28FE1D2D8B}.iOS|Any CPU.ActiveCfg = Release|x86
		{3078F3FC-5D65-42CC-96AC-0C28FE1D2D8B}.iOS|ARM.ActiveCfg = Release|x86
		{3078F3FC-5D65-42CC-96AC-0C28FE1D2D8B}.iOS|Mixed Platforms.ActiveCfg = Release|x86
		{3078F3FC-5D65-42CC-96AC-0C28FE1D2D8B}.iOS|Mixed Platforms.Build.0 = Release|x86
		{3078F3FC-5D65-42CC-96AC-0C28FE1D2D8B}.iOS|x64.ActiveCfg = Release|x86
		{3078F3FC-5D65-42CC-96AC-0C28FE1D2D8B}.iOS|x86.ActiveCfg = Release|x86
		{3078F3FC-5D65-42CC-96AC-0C28FE1D2D8B}.iOS|x86.Build.0 = Release|x86
		{3078F3FC-5D65-42CC-96AC-0C28FE1D2D8B}.Linux|Any CPU.ActiveCfg = Release|x86
		{3078F3FC-5D65-42CC-96AC-0C28FE1D2D8B}.Linux|ARM.ActiveCfg = Release|x86
		{3078F3FC-5D65-42CC-96AC-0C28FE1D2D8B}.Linux|Mixed Platforms.ActiveCfg = Release|x86
		{3078F3FC-5D65-42CC-96AC-0C28FE1D2D8B}.Linux|Mixed Platforms.Build.0 = Release|x86
		{3078F3FC-5D65-42CC-96AC-0C28FE1D2D8B}.Linux|x64.ActiveCfg = Release|x86
		{3078F3FC-5D65-42CC-96AC-0C28FE1D2D8B}.Linux|x86.ActiveCfg = Release|x86
		{3078F3FC-5D65-42CC-96AC-0C28FE1D2D8B}.Linux|x86.Build.0 = Release|x86
		{3078F3FC-5D65-42CC-96AC-0C28FE1D2D8B}.OSX|Any CPU.ActiveCfg = Release|x86
		{3078F3FC-5D65-42CC-96AC-0C28FE1D2D8B}.OSX|ARM.ActiveCfg = Release|x86
		{3078F3FC-5D65-42CC-96AC-0C28FE1D2D8B}.OSX|Mixed Platforms.ActiveCfg = Release|x86
		{3078F3FC-5D65-42CC-96AC-0C28FE1D2D8B}.OSX|Mixed Platforms.Build.0 = Release|x86
		{3078F3FC-5D65-42CC-96AC-0C28FE1D2D8B}.OSX|x64.ActiveCfg = Release|x86
		{3078F3FC-5D65-42CC-96AC-0C28FE1D2D8B}.OSX|x86.ActiveCfg = Release|x86
		{3078F3FC-5D65-42CC-96AC-0C28FE1D2D8B}.OSX|x86.Build.0 = Release|x86
		{3078F3FC-5D65-42CC-96AC-0C28FE1D2D8B}.PSM|Any CPU.ActiveCfg = Release|x86
		{3078F3FC-5D65-42CC-96AC-0C28FE1D2D8B}.PSM|ARM.ActiveCfg = Release|x86
		{3078F3FC-5D65-42CC-96AC-0C28FE1D2D8B}.PSM|Mixed Platforms.ActiveCfg = Release|x86
		{3078F3FC-5D65-42CC-96AC-0C28FE1D2D8B}.PSM|Mixed Platforms.Build.0 = Release|x86
		{3078F3FC-5D65-42CC-96AC-0C28FE1D2D8B}.PSM|x64.ActiveCfg = Release|x86
		{3078F3FC-5D65-42CC-96AC-0C28FE1D2D8B}.PSM|x86.ActiveCfg = Release|x86
		{3078F3FC-5D65-42CC-96AC-0C28FE1D2D8B}.PSM|x86.Build.0 = Release|x86
		{3078F3FC-5D65-42CC-96AC-0C28FE1D2D8B}.Release|Any CPU.ActiveCfg = Release|x86
		{3078F3FC-5D65-42CC-96AC-0C28FE1D2D8B}.Release|ARM.ActiveCfg = Release|x86
		{3078F3FC-5D65-42CC-96AC-0C28FE1D2D8B}.Release|Mixed Platforms.ActiveCfg = Release|x86
		{3078F3FC-5D65-42CC-96AC-0C28FE1D2D8B}.Release|Mixed Platforms.Build.0 = Release|x86
		{3078F3FC-5D65-42CC-96AC-0C28FE1D2D8B}.Release|x64.ActiveCfg = Release|x86
		{3078F3FC-5D65-42CC-96AC-0C28FE1D2D8B}.Release|x86.ActiveCfg = Release|x86
		{3078F3FC-5D65-42CC-96AC-0C28FE1D2D8B}.Release|x86.Build.0 = Release|x86
		{3078F3FC-5D65-42CC-96AC-0C28FE1D2D8B}.Windows|Any CPU.ActiveCfg = Release|x86
		{3078F3FC-5D65-42CC-96AC-0C28FE1D2D8B}.Windows|ARM.ActiveCfg = Release|x86
		{3078F3FC-5D65-42CC-96AC-0C28FE1D2D8B}.Windows|Mixed Platforms.ActiveCfg = Release|x86
		{3078F3FC-5D65-42CC-96AC-0C28FE1D2D8B}.Windows|Mixed Platforms.Build.0 = Release|x86
		{3078F3FC-5D65-42CC-96AC-0C28FE1D2D8B}.Windows|x64.ActiveCfg = Release|x86
		{3078F3FC-5D65-42CC-96AC-0C28FE1D2D8B}.Windows|x86.ActiveCfg = Release|x86
		{3078F3FC-5D65-42CC-96AC-0C28FE1D2D8B}.Windows|x86.Build.0 = Release|x86
		{3078F3FC-5D65-42CC-96AC-0C28FE1D2D8B}.Windows8|Any CPU.ActiveCfg = Release|x86
		{3078F3FC-5D65-42CC-96AC-0C28FE1D2D8B}.Windows8|ARM.ActiveCfg = Release|x86
		{3078F3FC-5D65-42CC-96AC-0C28FE1D2D8B}.Windows8|Mixed Platforms.ActiveCfg = Release|x86
		{3078F3FC-5D65-42CC-96AC-0C28FE1D2D8B}.Windows8|Mixed Platforms.Build.0 = Release|x86
		{3078F3FC-5D65-42CC-96AC-0C28FE1D2D8B}.Windows8|x64.ActiveCfg = Release|x86
		{3078F3FC-5D65-42CC-96AC-0C28FE1D2D8B}.Windows8|x86.ActiveCfg = Release|x86
		{3078F3FC-5D65-42CC-96AC-0C28FE1D2D8B}.Windows8|x86.Build.0 = Release|x86
		{AE483C29-042E-4226-BA52-D247CE7676DA}.Android|Any CPU.ActiveCfg = Release|Any CPU
		{AE483C29-042E-4226-BA52-D247CE7676DA}.Android|Any CPU.Build.0 = Release|Any CPU
		{AE483C29-042E-4226-BA52-D247CE7676DA}.Android|ARM.ActiveCfg = Release|Any CPU
		{AE483C29-042E-4226-BA52-D247CE7676DA}.Android|Mixed Platforms.ActiveCfg = Release|Any CPU
		{AE483C29-042E-4226-BA52-D247CE7676DA}.Android|Mixed Platforms.Build.0 = Release|Any CPU
		{AE483C29-042E-4226-BA52-D247CE7676DA}.Android|x64.ActiveCfg = Release|Any CPU
		{AE483C29-042E-4226-BA52-D247CE7676DA}.Android|x86.ActiveCfg = Release|Any CPU
		{AE483C29-042E-4226-BA52-D247CE7676DA}.Debug|Any CPU.ActiveCfg = Debug|Any CPU
		{AE483C29-042E-4226-BA52-D247CE7676DA}.Debug|Any CPU.Build.0 = Debug|Any CPU
		{AE483C29-042E-4226-BA52-D247CE7676DA}.Debug|ARM.ActiveCfg = Debug|Any CPU
		{AE483C29-042E-4226-BA52-D247CE7676DA}.Debug|Mixed Platforms.ActiveCfg = Debug|Any CPU
		{AE483C29-042E-4226-BA52-D247CE7676DA}.Debug|Mixed Platforms.Build.0 = Debug|Any CPU
		{AE483C29-042E-4226-BA52-D247CE7676DA}.Debug|x64.ActiveCfg = Debug|Any CPU
		{AE483C29-042E-4226-BA52-D247CE7676DA}.Debug|x86.ActiveCfg = Debug|Any CPU
		{AE483C29-042E-4226-BA52-D247CE7676DA}.iOS|Any CPU.ActiveCfg = Release|Any CPU
		{AE483C29-042E-4226-BA52-D247CE7676DA}.iOS|Any CPU.Build.0 = Release|Any CPU
		{AE483C29-042E-4226-BA52-D247CE7676DA}.iOS|ARM.ActiveCfg = Release|Any CPU
		{AE483C29-042E-4226-BA52-D247CE7676DA}.iOS|Mixed Platforms.ActiveCfg = Release|Any CPU
		{AE483C29-042E-4226-BA52-D247CE7676DA}.iOS|Mixed Platforms.Build.0 = Release|Any CPU
		{AE483C29-042E-4226-BA52-D247CE7676DA}.iOS|x64.ActiveCfg = Release|Any CPU
		{AE483C29-042E-4226-BA52-D247CE7676DA}.iOS|x86.ActiveCfg = Release|Any CPU
		{AE483C29-042E-4226-BA52-D247CE7676DA}.Linux|Any CPU.ActiveCfg = Release|Any CPU
		{AE483C29-042E-4226-BA52-D247CE7676DA}.Linux|Any CPU.Build.0 = Release|Any CPU
		{AE483C29-042E-4226-BA52-D247CE7676DA}.Linux|ARM.ActiveCfg = Release|Any CPU
		{AE483C29-042E-4226-BA52-D247CE7676DA}.Linux|Mixed Platforms.ActiveCfg = Release|Any CPU
		{AE483C29-042E-4226-BA52-D247CE7676DA}.Linux|Mixed Platforms.Build.0 = Release|Any CPU
		{AE483C29-042E-4226-BA52-D247CE7676DA}.Linux|x64.ActiveCfg = Release|Any CPU
		{AE483C29-042E-4226-BA52-D247CE7676DA}.Linux|x86.ActiveCfg = Release|Any CPU
		{AE483C29-042E-4226-BA52-D247CE7676DA}.OSX|Any CPU.ActiveCfg = Release|Any CPU
		{AE483C29-042E-4226-BA52-D247CE7676DA}.OSX|Any CPU.Build.0 = Release|Any CPU
		{AE483C29-042E-4226-BA52-D247CE7676DA}.OSX|ARM.ActiveCfg = Release|Any CPU
		{AE483C29-042E-4226-BA52-D247CE7676DA}.OSX|Mixed Platforms.ActiveCfg = Release|Any CPU
		{AE483C29-042E-4226-BA52-D247CE7676DA}.OSX|Mixed Platforms.Build.0 = Release|Any CPU
		{AE483C29-042E-4226-BA52-D247CE7676DA}.OSX|x64.ActiveCfg = Release|Any CPU
		{AE483C29-042E-4226-BA52-D247CE7676DA}.OSX|x86.ActiveCfg = Release|Any CPU
		{AE483C29-042E-4226-BA52-D247CE7676DA}.PSM|Any CPU.ActiveCfg = Release|Any CPU
		{AE483C29-042E-4226-BA52-D247CE7676DA}.PSM|Any CPU.Build.0 = Release|Any CPU
		{AE483C29-042E-4226-BA52-D247CE7676DA}.PSM|ARM.ActiveCfg = Release|Any CPU
		{AE483C29-042E-4226-BA52-D247CE7676DA}.PSM|Mixed Platforms.ActiveCfg = Release|Any CPU
		{AE483C29-042E-4226-BA52-D247CE7676DA}.PSM|Mixed Platforms.Build.0 = Release|Any CPU
		{AE483C29-042E-4226-BA52-D247CE7676DA}.PSM|x64.ActiveCfg = Release|Any CPU
		{AE483C29-042E-4226-BA52-D247CE7676DA}.PSM|x86.ActiveCfg = Release|Any CPU
		{AE483C29-042E-4226-BA52-D247CE7676DA}.Release|Any CPU.ActiveCfg = Release|Any CPU
		{AE483C29-042E-4226-BA52-D247CE7676DA}.Release|Any CPU.Build.0 = Release|Any CPU
		{AE483C29-042E-4226-BA52-D247CE7676DA}.Release|ARM.ActiveCfg = Release|Any CPU
		{AE483C29-042E-4226-BA52-D247CE7676DA}.Release|Mixed Platforms.ActiveCfg = Release|Any CPU
		{AE483C29-042E-4226-BA52-D247CE7676DA}.Release|Mixed Platforms.Build.0 = Release|Any CPU
		{AE483C29-042E-4226-BA52-D247CE7676DA}.Release|x64.ActiveCfg = Release|Any CPU
		{AE483C29-042E-4226-BA52-D247CE7676DA}.Release|x86.ActiveCfg = Release|Any CPU
		{AE483C29-042E-4226-BA52-D247CE7676DA}.Windows|Any CPU.ActiveCfg = Release|Any CPU
		{AE483C29-042E-4226-BA52-D247CE7676DA}.Windows|Any CPU.Build.0 = Release|Any CPU
		{AE483C29-042E-4226-BA52-D247CE7676DA}.Windows|ARM.ActiveCfg = Release|Any CPU
		{AE483C29-042E-4226-BA52-D247CE7676DA}.Windows|Mixed Platforms.ActiveCfg = Release|Any CPU
		{AE483C29-042E-4226-BA52-D247CE7676DA}.Windows|Mixed Platforms.Build.0 = Release|Any CPU
		{AE483C29-042E-4226-BA52-D247CE7676DA}.Windows|x64.ActiveCfg = Release|Any CPU
		{AE483C29-042E-4226-BA52-D247CE7676DA}.Windows|x86.ActiveCfg = Release|Any CPU
		{AE483C29-042E-4226-BA52-D247CE7676DA}.Windows8|Any CPU.ActiveCfg = Release|Any CPU
		{AE483C29-042E-4226-BA52-D247CE7676DA}.Windows8|Any CPU.Build.0 = Release|Any CPU
		{AE483C29-042E-4226-BA52-D247CE7676DA}.Windows8|ARM.ActiveCfg = Release|Any CPU
		{AE483C29-042E-4226-BA52-D247CE7676DA}.Windows8|Mixed Platforms.ActiveCfg = Release|Any CPU
		{AE483C29-042E-4226-BA52-D247CE7676DA}.Windows8|Mixed Platforms.Build.0 = Release|Any CPU
		{AE483C29-042E-4226-BA52-D247CE7676DA}.Windows8|x64.ActiveCfg = Release|Any CPU
		{AE483C29-042E-4226-BA52-D247CE7676DA}.Windows8|x86.ActiveCfg = Release|Any CPU
		{77EBD3FC-0D63-4FAB-8DB9-29B3528184B3}.Android|Any CPU.ActiveCfg = Release|Any CPU
		{77EBD3FC-0D63-4FAB-8DB9-29B3528184B3}.Android|Any CPU.Build.0 = Release|Any CPU
		{77EBD3FC-0D63-4FAB-8DB9-29B3528184B3}.Android|ARM.ActiveCfg = Release|Any CPU
		{77EBD3FC-0D63-4FAB-8DB9-29B3528184B3}.Android|Mixed Platforms.ActiveCfg = Release|x86
		{77EBD3FC-0D63-4FAB-8DB9-29B3528184B3}.Android|Mixed Platforms.Build.0 = Release|x86
		{77EBD3FC-0D63-4FAB-8DB9-29B3528184B3}.Android|x64.ActiveCfg = Release|Any CPU
		{77EBD3FC-0D63-4FAB-8DB9-29B3528184B3}.Android|x86.ActiveCfg = Release|x86
		{77EBD3FC-0D63-4FAB-8DB9-29B3528184B3}.Android|x86.Build.0 = Release|x86
		{77EBD3FC-0D63-4FAB-8DB9-29B3528184B3}.Debug|Any CPU.ActiveCfg = Debug|Any CPU
		{77EBD3FC-0D63-4FAB-8DB9-29B3528184B3}.Debug|Any CPU.Build.0 = Debug|Any CPU
		{77EBD3FC-0D63-4FAB-8DB9-29B3528184B3}.Debug|ARM.ActiveCfg = Debug|Any CPU
		{77EBD3FC-0D63-4FAB-8DB9-29B3528184B3}.Debug|Mixed Platforms.ActiveCfg = Debug|x86
		{77EBD3FC-0D63-4FAB-8DB9-29B3528184B3}.Debug|Mixed Platforms.Build.0 = Debug|x86
		{77EBD3FC-0D63-4FAB-8DB9-29B3528184B3}.Debug|x64.ActiveCfg = Debug|Any CPU
		{77EBD3FC-0D63-4FAB-8DB9-29B3528184B3}.Debug|x86.ActiveCfg = Debug|x86
		{77EBD3FC-0D63-4FAB-8DB9-29B3528184B3}.Debug|x86.Build.0 = Debug|x86
		{77EBD3FC-0D63-4FAB-8DB9-29B3528184B3}.iOS|Any CPU.ActiveCfg = Release|Any CPU
		{77EBD3FC-0D63-4FAB-8DB9-29B3528184B3}.iOS|Any CPU.Build.0 = Release|Any CPU
		{77EBD3FC-0D63-4FAB-8DB9-29B3528184B3}.iOS|ARM.ActiveCfg = Release|Any CPU
		{77EBD3FC-0D63-4FAB-8DB9-29B3528184B3}.iOS|Mixed Platforms.ActiveCfg = Release|x86
		{77EBD3FC-0D63-4FAB-8DB9-29B3528184B3}.iOS|Mixed Platforms.Build.0 = Release|x86
		{77EBD3FC-0D63-4FAB-8DB9-29B3528184B3}.iOS|x64.ActiveCfg = Release|Any CPU
		{77EBD3FC-0D63-4FAB-8DB9-29B3528184B3}.iOS|x86.ActiveCfg = Release|x86
		{77EBD3FC-0D63-4FAB-8DB9-29B3528184B3}.iOS|x86.Build.0 = Release|x86
		{77EBD3FC-0D63-4FAB-8DB9-29B3528184B3}.Linux|Any CPU.ActiveCfg = Release|Any CPU
		{77EBD3FC-0D63-4FAB-8DB9-29B3528184B3}.Linux|Any CPU.Build.0 = Release|Any CPU
		{77EBD3FC-0D63-4FAB-8DB9-29B3528184B3}.Linux|ARM.ActiveCfg = Release|Any CPU
		{77EBD3FC-0D63-4FAB-8DB9-29B3528184B3}.Linux|Mixed Platforms.ActiveCfg = Release|x86
		{77EBD3FC-0D63-4FAB-8DB9-29B3528184B3}.Linux|Mixed Platforms.Build.0 = Release|x86
		{77EBD3FC-0D63-4FAB-8DB9-29B3528184B3}.Linux|x64.ActiveCfg = Release|Any CPU
		{77EBD3FC-0D63-4FAB-8DB9-29B3528184B3}.Linux|x86.ActiveCfg = Release|x86
		{77EBD3FC-0D63-4FAB-8DB9-29B3528184B3}.Linux|x86.Build.0 = Release|x86
		{77EBD3FC-0D63-4FAB-8DB9-29B3528184B3}.OSX|Any CPU.ActiveCfg = Release|Any CPU
		{77EBD3FC-0D63-4FAB-8DB9-29B3528184B3}.OSX|Any CPU.Build.0 = Release|Any CPU
		{77EBD3FC-0D63-4FAB-8DB9-29B3528184B3}.OSX|ARM.ActiveCfg = Release|Any CPU
		{77EBD3FC-0D63-4FAB-8DB9-29B3528184B3}.OSX|Mixed Platforms.ActiveCfg = Release|x86
		{77EBD3FC-0D63-4FAB-8DB9-29B3528184B3}.OSX|Mixed Platforms.Build.0 = Release|x86
		{77EBD3FC-0D63-4FAB-8DB9-29B3528184B3}.OSX|x64.ActiveCfg = Release|Any CPU
		{77EBD3FC-0D63-4FAB-8DB9-29B3528184B3}.OSX|x86.ActiveCfg = Release|x86
		{77EBD3FC-0D63-4FAB-8DB9-29B3528184B3}.OSX|x86.Build.0 = Release|x86
		{77EBD3FC-0D63-4FAB-8DB9-29B3528184B3}.PSM|Any CPU.ActiveCfg = Release|Any CPU
		{77EBD3FC-0D63-4FAB-8DB9-29B3528184B3}.PSM|Any CPU.Build.0 = Release|Any CPU
		{77EBD3FC-0D63-4FAB-8DB9-29B3528184B3}.PSM|ARM.ActiveCfg = Release|Any CPU
		{77EBD3FC-0D63-4FAB-8DB9-29B3528184B3}.PSM|Mixed Platforms.ActiveCfg = Release|x86
		{77EBD3FC-0D63-4FAB-8DB9-29B3528184B3}.PSM|Mixed Platforms.Build.0 = Release|x86
		{77EBD3FC-0D63-4FAB-8DB9-29B3528184B3}.PSM|x64.ActiveCfg = Release|Any CPU
		{77EBD3FC-0D63-4FAB-8DB9-29B3528184B3}.PSM|x86.ActiveCfg = Release|x86
		{77EBD3FC-0D63-4FAB-8DB9-29B3528184B3}.PSM|x86.Build.0 = Release|x86
		{77EBD3FC-0D63-4FAB-8DB9-29B3528184B3}.Release|Any CPU.ActiveCfg = Release|Any CPU
		{77EBD3FC-0D63-4FAB-8DB9-29B3528184B3}.Release|Any CPU.Build.0 = Release|Any CPU
		{77EBD3FC-0D63-4FAB-8DB9-29B3528184B3}.Release|ARM.ActiveCfg = Release|Any CPU
		{77EBD3FC-0D63-4FAB-8DB9-29B3528184B3}.Release|Mixed Platforms.ActiveCfg = Release|x86
		{77EBD3FC-0D63-4FAB-8DB9-29B3528184B3}.Release|Mixed Platforms.Build.0 = Release|x86
		{77EBD3FC-0D63-4FAB-8DB9-29B3528184B3}.Release|x64.ActiveCfg = Release|Any CPU
		{77EBD3FC-0D63-4FAB-8DB9-29B3528184B3}.Release|x86.ActiveCfg = Release|x86
		{77EBD3FC-0D63-4FAB-8DB9-29B3528184B3}.Release|x86.Build.0 = Release|x86
		{77EBD3FC-0D63-4FAB-8DB9-29B3528184B3}.Windows|Any CPU.ActiveCfg = Release|Any CPU
		{77EBD3FC-0D63-4FAB-8DB9-29B3528184B3}.Windows|Any CPU.Build.0 = Release|Any CPU
		{77EBD3FC-0D63-4FAB-8DB9-29B3528184B3}.Windows|ARM.ActiveCfg = Release|Any CPU
		{77EBD3FC-0D63-4FAB-8DB9-29B3528184B3}.Windows|Mixed Platforms.ActiveCfg = Release|x86
		{77EBD3FC-0D63-4FAB-8DB9-29B3528184B3}.Windows|Mixed Platforms.Build.0 = Release|x86
		{77EBD3FC-0D63-4FAB-8DB9-29B3528184B3}.Windows|x64.ActiveCfg = Release|Any CPU
		{77EBD3FC-0D63-4FAB-8DB9-29B3528184B3}.Windows|x86.ActiveCfg = Release|x86
		{77EBD3FC-0D63-4FAB-8DB9-29B3528184B3}.Windows|x86.Build.0 = Release|x86
		{77EBD3FC-0D63-4FAB-8DB9-29B3528184B3}.Windows8|Any CPU.ActiveCfg = Release|Any CPU
		{77EBD3FC-0D63-4FAB-8DB9-29B3528184B3}.Windows8|Any CPU.Build.0 = Release|Any CPU
		{77EBD3FC-0D63-4FAB-8DB9-29B3528184B3}.Windows8|ARM.ActiveCfg = Release|Any CPU
		{77EBD3FC-0D63-4FAB-8DB9-29B3528184B3}.Windows8|Mixed Platforms.ActiveCfg = Release|x86
		{77EBD3FC-0D63-4FAB-8DB9-29B3528184B3}.Windows8|Mixed Platforms.Build.0 = Release|x86
		{77EBD3FC-0D63-4FAB-8DB9-29B3528184B3}.Windows8|x64.ActiveCfg = Release|Any CPU
		{77EBD3FC-0D63-4FAB-8DB9-29B3528184B3}.Windows8|x86.ActiveCfg = Release|x86
		{77EBD3FC-0D63-4FAB-8DB9-29B3528184B3}.Windows8|x86.Build.0 = Release|x86
	EndGlobalSection
	GlobalSection(SolutionProperties) = preSolution
		HideSolutionNode = FALSE
	EndGlobalSection
EndGlobal
